
Microsoft Visual Studio Solution File, Format Version 11.00
# Visual Studio 2010
Project("{FAE04EC0-301F-11D3-BF4B-00C04F79EFBC}") = "Apush Flex Assignment Museum", "Assembly-CSharp-firstpass.csproj", "{8B1334DD-CE44-1F57-E75B-4A06AC0C9001}"
EndProject
Project("{FAE04EC0-301F-11D3-BF4B-00C04F79EFBC}") = "Apush Flex Assignment Museum", "Assembly-CSharp.csproj", "{36F788AC-94B1-1B10-0449-A1AE0372FA1B}"
EndProject
Project("{FAE04EC0-301F-11D3-BF4B-00C04F79EFBC}") = "Apush Flex Assignment Museum", "Assembly-CSharp-Editor-firstpass.csproj", "{6C8F9CDE-467A-2184-F614-58BD1FFB3044}"
EndProject
Global
	GlobalSection(SolutionConfigurationPlatforms) = preSolution
		Debug|Any CPU = Debug|Any CPU
		Release|Any CPU = Release|Any CPU
	EndGlobalSection
	GlobalSection(ProjectConfigurationPlatforms) = postSolution
		{8B1334DD-CE44-1F57-E75B-4A06AC0C9001}.Debug|Any CPU.ActiveCfg = Debug|Any CPU
		{8B1334DD-CE44-1F57-E75B-4A06AC0C9001}.Debug|Any CPU.Build.0 = Debug|Any CPU
		{8B1334DD-CE44-1F57-E75B-4A06AC0C9001}.Release|Any CPU.ActiveCfg = Release|Any CPU
		{8B1334DD-CE44-1F57-E75B-4A06AC0C9001}.Release|Any CPU.Build.0 = Release|Any CPU
		{36F788AC-94B1-1B10-0449-A1AE0372FA1B}.Debug|Any CPU.ActiveCfg = Debug|Any CPU
		{36F788AC-94B1-1B10-0449-A1AE0372FA1B}.Debug|Any CPU.Build.0 = Debug|Any CPU
		{36F788AC-94B1-1B10-0449-A1AE0372FA1B}.Release|Any CPU.ActiveCfg = Release|Any CPU
		{36F788AC-94B1-1B10-0449-A1AE0372FA1B}.Release|Any CPU.Build.0 = Release|Any CPU
		{6C8F9CDE-467A-2184-F614-58BD1FFB3044}.Debug|Any CPU.ActiveCfg = Debug|Any CPU
		{6C8F9CDE-467A-2184-F614-58BD1FFB3044}.Debug|Any CPU.Build.0 = Debug|Any CPU
		{6C8F9CDE-467A-2184-F614-58BD1FFB3044}.Release|Any CPU.ActiveCfg = Release|Any CPU
		{6C8F9CDE-467A-2184-F614-58BD1FFB3044}.Release|Any CPU.Build.0 = Release|Any CPU
	EndGlobalSection
	GlobalSection(SolutionProperties) = preSolution
		HideSolutionNode = FALSE
	EndGlobalSection
	GlobalSection(MonoDevelopProperties) = preSolution
		StartupItem = Assembly-CSharp.csproj
	EndGlobalSection
EndGlobal
